// !$*UTF8*$!
{
	archiveVersion = 1;
	classes = {
	};
	objectVersion = 51;
	objects = {

/* Begin PBXBuildFile section */
		43443265237B4A4F0047A48C /* AppDelegate.swift in Sources */ = {isa = PBXBuildFile; fileRef = 43443264237B4A4F0047A48C /* AppDelegate.swift */; };
		43443267237B4A4F0047A48C /* SceneDelegate.swift in Sources */ = {isa = PBXBuildFile; fileRef = 43443266237B4A4F0047A48C /* SceneDelegate.swift */; };
		43443269237B4A4F0047A48C /* ViewController.swift in Sources */ = {isa = PBXBuildFile; fileRef = 43443268237B4A4F0047A48C /* ViewController.swift */; };
		4344326C237B4A4F0047A48C /* Main.storyboard in Resources */ = {isa = PBXBuildFile; fileRef = 4344326A237B4A4F0047A48C /* Main.storyboard */; };
		4344326E237B4A510047A48C /* Assets.xcassets in Resources */ = {isa = PBXBuildFile; fileRef = 4344326D237B4A510047A48C /* Assets.xcassets */; };
		43443271237B4A510047A48C /* LaunchScreen.storyboard in Resources */ = {isa = PBXBuildFile; fileRef = 4344326F237B4A510047A48C /* LaunchScreen.storyboard */; };
		4344327B237B4E680047A48C /* SnapKit.framework in Frameworks */ = {isa = PBXBuildFile; fileRef = 4344327A237B4E680047A48C /* SnapKit.framework */; };
/* End PBXBuildFile section */

/* Begin PBXCopyFilesBuildPhase section */
		4344327D237B4E680047A48C /* Embed Frameworks */ = {
			isa = PBXCopyFilesBuildPhase;
			buildActionMask = 8;
			dstPath = "";
			dstSubfolderSpec = 10;
			files = (
			);
			name = "Embed Frameworks";
			runOnlyForDeploymentPostprocessing = 1;
		};
/* End PBXCopyFilesBuildPhase section */

/* Begin PBXFileReference section */
		43443261237B4A4F0047A48C /* Nilan.app */ = {isa = PBXFileReference; explicitFileType = wrapper.application; includeInIndex = 0; path = Nilan.app; sourceTree = BUILT_PRODUCTS_DIR; };
		43443264237B4A4F0047A48C /* AppDelegate.swift */ = {isa = PBXFileReference; lastKnownFileType = sourcecode.swift; path = AppDelegate.swift; sourceTree = "<group>"; };
		43443266237B4A4F0047A48C /* SceneDelegate.swift */ = {isa = PBXFileReference; lastKnownFileType = sourcecode.swift; path = SceneDelegate.swift; sourceTree = "<group>"; };
		43443268237B4A4F0047A48C /* ViewController.swift */ = {isa = PBXFileReference; lastKnownFileType = sourcecode.swift; path = ViewController.swift; sourceTree = "<group>"; };
		4344326B237B4A4F0047A48C /* Base */ = {isa = PBXFileReference; lastKnownFileType = file.storyboard; name = Base; path = Base.lproj/Main.storyboard; sourceTree = "<group>"; };
		4344326D237B4A510047A48C /* Assets.xcassets */ = {isa = PBXFileReference; lastKnownFileType = folder.assetcatalog; path = Assets.xcassets; sourceTree = "<group>"; };
		43443270237B4A510047A48C /* Base */ = {isa = PBXFileReference; lastKnownFileType = file.storyboard; name = Base; path = Base.lproj/LaunchScreen.storyboard; sourceTree = "<group>"; };
		43443272237B4A510047A48C /* Info.plist */ = {isa = PBXFileReference; lastKnownFileType = text.plist.xml; path = Info.plist; sourceTree = "<group>"; };
		43443278237B4D1B0047A48C /* Cartfile */ = {isa = PBXFileReference; lastKnownFileType = text; path = Cartfile; sourceTree = "<group>"; };
		4344327A237B4E680047A48C /* SnapKit.framework */ = {isa = PBXFileReference; lastKnownFileType = wrapper.framework; name = SnapKit.framework; path = Carthage/Build/iOS/SnapKit.framework; sourceTree = "<group>"; };
		4344327F237B4EFE0047A48C /* input.xcfilelist */ = {isa = PBXFileReference; lastKnownFileType = text.xcfilelist; path = input.xcfilelist; sourceTree = "<group>"; };
		43443280237B4F1F0047A48C /* output.xcfilelist */ = {isa = PBXFileReference; lastKnownFileType = text.xcfilelist; path = output.xcfilelist; sourceTree = "<group>"; };
/* End PBXFileReference section */

/* Begin PBXFrameworksBuildPhase section */
		4344325E237B4A4F0047A48C /* Frameworks */ = {
			isa = PBXFrameworksBuildPhase;
			buildActionMask = 2147483647;
			files = (
				4344327B237B4E680047A48C /* SnapKit.framework in Frameworks */,
			);
			runOnlyForDeploymentPostprocessing = 0;
		};
/* End PBXFrameworksBuildPhase section */

/* Begin PBXGroup section */
		43443258237B4A4F0047A48C = {
			isa = PBXGroup;
			children = (
				4344327F237B4EFE0047A48C /* input.xcfilelist */,
				43443280237B4F1F0047A48C /* output.xcfilelist */,
				43443278237B4D1B0047A48C /* Cartfile */,
				43443263237B4A4F0047A48C /* Nilan */,
				43443262237B4A4F0047A48C /* Products */,
				43443279237B4E680047A48C /* Frameworks */,
			);
			sourceTree = "<group>";
		};
		43443262237B4A4F0047A48C /* Products */ = {
			isa = PBXGroup;
			children = (
				43443261237B4A4F0047A48C /* Nilan.app */,
			);
			name = Products;
			sourceTree = "<group>";
		};
		43443263237B4A4F0047A48C /* Nilan */ = {
			isa = PBXGroup;
			children = (
				43443264237B4A4F0047A48C /* AppDelegate.swift */,
				43443266237B4A4F0047A48C /* SceneDelegate.swift */,
				43443268237B4A4F0047A48C /* ViewController.swift */,
				4344326A237B4A4F0047A48C /* Main.storyboard */,
				4344326D237B4A510047A48C /* Assets.xcassets */,
				4344326F237B4A510047A48C /* LaunchScreen.storyboard */,
				43443272237B4A510047A48C /* Info.plist */,
			);
			path = Nilan;
			sourceTree = "<group>";
		};
		43443279237B4E680047A48C /* Frameworks */ = {
			isa = PBXGroup;
			children = (
				4344327A237B4E680047A48C /* SnapKit.framework */,
			);
			name = Frameworks;
			sourceTree = "<group>";
		};
/* End PBXGroup section */

/* Begin PBXNativeTarget section */
		43443260237B4A4F0047A48C /* Nilan */ = {
			isa = PBXNativeTarget;
			buildConfigurationList = 43443275237B4A510047A48C /* Build configuration list for PBXNativeTarget "Nilan" */;
			buildPhases = (
				4344325D237B4A4F0047A48C /* Sources */,
				4344325E237B4A4F0047A48C /* Frameworks */,
				4344325F237B4A4F0047A48C /* Resources */,
				4344327D237B4E680047A48C /* Embed Frameworks */,
				4344327E237B4E810047A48C /* Copy Frameworks (Carthage) */,
			);
			buildRules = (
			);
			dependencies = (
			);
			name = Nilan;
			productName = Nilan;
			productReference = 43443261237B4A4F0047A48C /* Nilan.app */;
			productType = "com.apple.product-type.application";
		};
/* End PBXNativeTarget section */

/* Begin PBXProject section */
		43443259237B4A4F0047A48C /* Project object */ = {
			isa = PBXProject;
			attributes = {
				LastSwiftUpdateCheck = 1120;
				LastUpgradeCheck = 1120;
				ORGANIZATIONNAME = "Povilas Juzeliunas";
				TargetAttributes = {
					43443260237B4A4F0047A48C = {
						CreatedOnToolsVersion = 11.2;
					};
				};
			};
			buildConfigurationList = 4344325C237B4A4F0047A48C /* Build configuration list for PBXProject "Nilan" */;
			compatibilityVersion = "Xcode 9.3";
			developmentRegion = en;
			hasScannedForEncodings = 0;
			knownRegions = (
				en,
				Base,
			);
			mainGroup = 43443258237B4A4F0047A48C;
			productRefGroup = 43443262237B4A4F0047A48C /* Products */;
			projectDirPath = "";
			projectRoot = "";
			targets = (
				43443260237B4A4F0047A48C /* Nilan */,
			);
		};
/* End PBXProject section */

/* Begin PBXResourcesBuildPhase section */
		4344325F237B4A4F0047A48C /* Resources */ = {
			isa = PBXResourcesBuildPhase;
			buildActionMask = 2147483647;
			files = (
				43443271237B4A510047A48C /* LaunchScreen.storyboard in Resources */,
				4344326E237B4A510047A48C /* Assets.xcassets in Resources */,
				4344326C237B4A4F0047A48C /* Main.storyboard in Resources */,
			);
			runOnlyForDeploymentPostprocessing = 0;
		};
/* End PBXResourcesBuildPhase section */

/* Begin PBXShellScriptBuildPhase section */
		4344327E237B4E810047A48C /* Copy Frameworks (Carthage) */ = {
			isa = PBXShellScriptBuildPhase;
			buildActionMask = 2147483647;
			files = (
			);
			inputFileListPaths = (
				"$(SRCROOT)/input.xcfilelist",
			);
			inputPaths = (
			);
			name = "Copy Frameworks (Carthage)";
			outputFileListPaths = (
				"$(SRCROOT)/output.xcfilelist",
			);
			outputPaths = (
			);
			runOnlyForDeploymentPostprocessing = 0;
			shellPath = /bin/sh;
			shellScript = "/usr/local/bin/carthage copy-frameworks\n";
		};
/* End PBXShellScriptBuildPhase section */

/* Begin PBXSourcesBuildPhase section */
		4344325D237B4A4F0047A48C /* Sources */ = {
			isa = PBXSourcesBuildPhase;
			buildActionMask = 2147483647;
			files = (
				43443269237B4A4F0047A48C /* ViewController.swift in Sources */,
				43443265237B4A4F0047A48C /* AppDelegate.swift in Sources */,
				43443267237B4A4F0047A48C /* SceneDelegate.swift in Sources */,
			);
			runOnlyForDeploymentPostprocessing = 0;
		};
/* End PBXSourcesBuildPhase section */

/* Begin PBXVariantGroup section */
		4344326A237B4A4F0047A48C /* Main.storyboard */ = {
			isa = PBXVariantGroup;
			children = (
				4344326B237B4A4F0047A48C /* Base */,
			);
			name = Main.storyboard;
			sourceTree = "<group>";
		};
		4344326F237B4A510047A48C /* LaunchScreen.storyboard */ = {
			isa = PBXVariantGroup;
			children = (
				43443270237B4A510047A48C /* Base */,
			);
			name = LaunchScreen.storyboard;
			sourceTree = "<group>";
		};
/* End PBXVariantGroup section */

/* Begin XCBuildConfiguration section */
		43443273237B4A510047A48C /* Debug */ = {
			isa = XCBuildConfiguration;
			buildSettings = {
				ALWAYS_SEARCH_USER_PATHS = NO;
				CLANG_ANALYZER_NONNULL = YES;
				CLANG_ANALYZER_NUMBER_OBJECT_CONVERSION = YES_AGGRESSIVE;
				CLANG_CXX_LANGUAGE_STANDARD = "gnu++14";
				CLANG_CXX_LIBRARY = "libc++";
				CLANG_ENABLE_MODULES = YES;
				CLANG_ENABLE_OBJC_ARC = YES;
				CLANG_ENABLE_OBJC_WEAK = YES;
				CLANG_WARN_BLOCK_CAPTURE_AUTORELEASING = YES;
				CLANG_WARN_BOOL_CONVERSION = YES;
				CLANG_WARN_COMMA = YES;
				CLANG_WARN_CONSTANT_CONVERSION = YES;
				CLANG_WARN_DEPRECATED_OBJC_IMPLEMENTATIONS = YES;
				CLANG_WARN_DIRECT_OBJC_ISA_USAGE = YES_ERROR;
				CLANG_WARN_DOCUMENTATION_COMMENTS = YES;
				CLANG_WARN_EMPTY_BODY = YES;
				CLANG_WARN_ENUM_CONVERSION = YES;
				CLANG_WARN_INFINITE_RECURSION = YES;
				CLANG_WARN_INT_CONVERSION = YES;
				CLANG_WARN_NON_LITERAL_NULL_CONVERSION = YES;
				CLANG_WARN_OBJC_IMPLICIT_RETAIN_SELF = YES;
				CLANG_WARN_OBJC_LITERAL_CONVERSION = YES;
				CLANG_WARN_OBJC_ROOT_CLASS = YES_ERROR;
				CLANG_WARN_RANGE_LOOP_ANALYSIS = YES;
				CLANG_WARN_STRICT_PROTOTYPES = YES;
				CLANG_WARN_SUSPICIOUS_MOVE = YES;
				CLANG_WARN_UNGUARDED_AVAILABILITY = YES_AGGRESSIVE;
				CLANG_WARN_UNREACHABLE_CODE = YES;
				CLANG_WARN__DUPLICATE_METHOD_MATCH = YES;
				COPY_PHASE_STRIP = NO;
				DEBUG_INFORMATION_FORMAT = dwarf;
				ENABLE_STRICT_OBJC_MSGSEND = YES;
				ENABLE_TESTABILITY = YES;
				GCC_C_LANGUAGE_STANDARD = gnu11;
				GCC_DYNAMIC_NO_PIC = NO;
				GCC_NO_COMMON_BLOCKS = YES;
				GCC_OPTIMIZATION_LEVEL = 0;
				GCC_PREPROCESSOR_DEFINITIONS = (
					"DEBUG=1",
					"$(inherited)",
				);
				GCC_WARN_64_TO_32_BIT_CONVERSION = YES;
				GCC_WARN_ABOUT_RETURN_TYPE = YES_ERROR;
				GCC_WARN_UNDECLARED_SELECTOR = YES;
				GCC_WARN_UNINITIALIZED_AUTOS = YES_AGGRESSIVE;
				GCC_WARN_UNUSED_FUNCTION = YES;
				GCC_WARN_UNUSED_VARIABLE = YES;
				IPHONEOS_DEPLOYMENT_TARGET = 13.2;
				MTL_ENABLE_DEBUG_INFO = INCLUDE_SOURCE;
				MTL_FAST_MATH = YES;
				ONLY_ACTIVE_ARCH = YES;
				SDKROOT = iphoneos;
				SWIFT_ACTIVE_COMPILATION_CONDITIONS = DEBUG;
				SWIFT_OPTIMIZATION_LEVEL = "-Onone";
			};
			name = Debug;
		};
		43443274237B4A510047A48C /* Release */ = {
			isa = XCBuildConfiguration;
			buildSettings = {
				ALWAYS_SEARCH_USER_PATHS = NO;
				CLANG_ANALYZER_NONNULL = YES;
				CLANG_ANALYZER_NUMBER_OBJECT_CONVERSION = YES_AGGRESSIVE;
				CLANG_CXX_LANGUAGE_STANDARD = "gnu++14";
				CLANG_CXX_LIBRARY = "libc++";
				CLANG_ENABLE_MODULES = YES;
				CLANG_ENABLE_OBJC_ARC = YES;
				CLANG_ENABLE_OBJC_WEAK = YES;
				CLANG_WARN_BLOCK_CAPTURE_AUTORELEASING = YES;
				CLANG_WARN_BOOL_CONVERSION = YES;
				CLANG_WARN_COMMA = YES;
				CLANG_WARN_CONSTANT_CONVERSION = YES;
				CLANG_WARN_DEPRECATED_OBJC_IMPLEMENTATIONS = YES;
				CLANG_WARN_DIRECT_OBJC_ISA_USAGE = YES_ERROR;
				CLANG_WARN_DOCUMENTATION_COMMENTS = YES;
				CLANG_WARN_EMPTY_BODY = YES;
				CLANG_WARN_ENUM_CONVERSION = YES;
				CLANG_WARN_INFINITE_RECURSION = YES;
				CLANG_WARN_INT_CONVERSION = YES;
				CLANG_WARN_NON_LITERAL_NULL_CONVERSION = YES;
				CLANG_WARN_OBJC_IMPLICIT_RETAIN_SELF = YES;
				CLANG_WARN_OBJC_LITERAL_CONVERSION = YES;
				CLANG_WARN_OBJC_ROOT_CLASS = YES_ERROR;
				CLANG_WARN_RANGE_LOOP_ANALYSIS = YES;
				CLANG_WARN_STRICT_PROTOTYPES = YES;
				CLANG_WARN_SUSPICIOUS_MOVE = YES;
				CLANG_WARN_UNGUARDED_AVAILABILITY = YES_AGGRESSIVE;
				CLANG_WARN_UNREACHABLE_CODE = YES;
				CLANG_WARN__DUPLICATE_METHOD_MATCH = YES;
				COPY_PHASE_STRIP = NO;
				DEBUG_INFORMATION_FORMAT = "dwarf-with-dsym";
				ENABLE_NS_ASSERTIONS = NO;
				ENABLE_STRICT_OBJC_MSGSEND = YES;
				GCC_C_LANGUAGE_STANDARD = gnu11;
				GCC_NO_COMMON_BLOCKS = YES;
				GCC_WARN_64_TO_32_BIT_CONVERSION = YES;
				GCC_WARN_ABOUT_RETURN_TYPE = YES_ERROR;
				GCC_WARN_UNDECLARED_SELECTOR = YES;
				GCC_WARN_UNINITIALIZED_AUTOS = YES_AGGRESSIVE;
				GCC_WARN_UNUSED_FUNCTION = YES;
				GCC_WARN_UNUSED_VARIABLE = YES;
				IPHONEOS_DEPLOYMENT_TARGET = 13.2;
				MTL_ENABLE_DEBUG_INFO = NO;
				MTL_FAST_MATH = YES;
				SDKROOT = iphoneos;
				SWIFT_COMPILATION_MODE = wholemodule;
				SWIFT_OPTIMIZATION_LEVEL = "-O";
				VALIDATE_PRODUCT = YES;
			};
			name = Release;
		};
		43443276237B4A510047A48C /* Debug */ = {
			isa = XCBuildConfiguration;
			buildSettings = {
				ASSETCATALOG_COMPILER_APPICON_NAME = AppIcon;
				CODE_SIGN_STYLE = Automatic;
				FRAMEWORK_SEARCH_PATHS = (
					"$(inherited)",
					"$(PROJECT_DIR)/Carthage/Build/iOS",
				);
				INFOPLIST_FILE = Nilan/Info.plist;
				LD_RUNPATH_SEARCH_PATHS = (
					"$(inherited)",
					"@executable_path/Frameworks",
				);
				PRODUCT_BUNDLE_IDENTIFIER = pjuzeliunas.Nilan;
				PRODUCT_NAME = "$(TARGET_NAME)";
				SWIFT_VERSION = 5.0;
				TARGETED_DEVICE_FAMILY = "1,2";
			};
			name = Debug;
		};
		43443277237B4A510047A48C /* Release */ = {
			isa = XCBuildConfiguration;
			buildSettings = {
				ASSETCATALOG_COMPILER_APPICON_NAME = AppIcon;
				CODE_SIGN_STYLE = Automatic;
				FRAMEWORK_SEARCH_PATHS = (
					"$(inherited)",
					"$(PROJECT_DIR)/Carthage/Build/iOS",
				);
				INFOPLIST_FILE = Nilan/Info.plist;
				LD_RUNPATH_SEARCH_PATHS = (
					"$(inherited)",
					"@executable_path/Frameworks",
				);
				PRODUCT_BUNDLE_IDENTIFIER = pjuzeliunas.Nilan;
				PRODUCT_NAME = "$(TARGET_NAME)";
				SWIFT_VERSION = 5.0;
				TARGETED_DEVICE_FAMILY = "1,2";
			};
			name = Release;
		};
/* End XCBuildConfiguration section */

/* Begin XCConfigurationList section */
		4344325C237B4A4F0047A48C /* Build configuration list for PBXProject "Nilan" */ = {
			isa = XCConfigurationList;
			buildConfigurations = (
				43443273237B4A510047A48C /* Debug */,
				43443274237B4A510047A48C /* Release */,
			);
			defaultConfigurationIsVisible = 0;
			defaultConfigurationName = Release;
		};
		43443275237B4A510047A48C /* Build configuration list for PBXNativeTarget "Nilan" */ = {
			isa = XCConfigurationList;
			buildConfigurations = (
				43443276237B4A510047A48C /* Debug */,
				43443277237B4A510047A48C /* Release */,
			);
			defaultConfigurationIsVisible = 0;
			defaultConfigurationName = Release;
		};
/* End XCConfigurationList section */
	};
	rootObject = 43443259237B4A4F0047A48C /* Project object */;
}
